
Microsoft Visual Studio Solution File, Format Version 12.00
# Visual Studio 2012
Project("{8BC9CEB8-8B4A-11D0-8D11-00A0C91BC942}") = "lecture 03-27-2014", "lecture 03-27-2014\lecture 03-27-2014.vcxproj", "{64EF3F03-66D5-4A3C-BAB4-85EDEB8630BF}"
EndProject
Project("{2150E333-8FDC-42A3-9474-1A3956D46DE8}") = "Solution Items", "Solution Items", "{6BD30075-6CC8-4043-B7AF-957D2FB3E9E6}"
EndProject
Global
	GlobalSection(SolutionConfigurationPlatforms) = preSolution
		Debug|Win32 = Debug|Win32
		Release|Win32 = Release|Win32
	EndGlobalSection
	GlobalSection(ProjectConfigurationPlatforms) = postSolution
		{64EF3F03-66D5-4A3C-BAB4-85EDEB8630BF}.Debug|Win32.ActiveCfg = Debug|Win32
		{64EF3F03-66D5-4A3C-BAB4-85EDEB8630BF}.Debug|Win32.Build.0 = Debug|Win32
		{64EF3F03-66D5-4A3C-BAB4-85EDEB8630BF}.Release|Win32.ActiveCfg = Release|Win32
		{64EF3F03-66D5-4A3C-BAB4-85EDEB8630BF}.Release|Win32.Build.0 = Release|Win32
	EndGlobalSection
	GlobalSection(SolutionProperties) = preSolution
		HideSolutionNode = FALSE
	EndGlobalSection
EndGlobal
