
Microsoft Visual Studio Solution File, Format Version 12.00
# Visual Studio 2012
Project("{8BC9CEB8-8B4A-11D0-8D11-00A0C91BC942}") = "output", "output\output.vcxproj", "{108B7630-FCC3-4377-9549-BC12EE516FFF}"
EndProject
Global
	GlobalSection(SolutionConfigurationPlatforms) = preSolution
		Debug|Win32 = Debug|Win32
		Release|Win32 = Release|Win32
	EndGlobalSection
	GlobalSection(ProjectConfigurationPlatforms) = postSolution
		{108B7630-FCC3-4377-9549-BC12EE516FFF}.Debug|Win32.ActiveCfg = Debug|Win32
		{108B7630-FCC3-4377-9549-BC12EE516FFF}.Debug|Win32.Build.0 = Debug|Win32
		{108B7630-FCC3-4377-9549-BC12EE516FFF}.Release|Win32.ActiveCfg = Release|Win32
		{108B7630-FCC3-4377-9549-BC12EE516FFF}.Release|Win32.Build.0 = Release|Win32
	EndGlobalSection
	GlobalSection(SolutionProperties) = preSolution
		HideSolutionNode = FALSE
	EndGlobalSection
EndGlobal
