
Microsoft Visual Studio Solution File, Format Version 12.00
# Visual Studio 2012
Project("{8BC9CEB8-8B4A-11D0-8D11-00A0C91BC942}") = "Rectangle", "Rectangle\Rectangle.vcxproj", "{78F3850F-DB5E-447B-A13A-C7EC43AEE3D3}"
EndProject
Project("{2150E333-8FDC-42A3-9474-1A3956D46DE8}") = "Solution Items", "Solution Items", "{A1FFFF07-2B44-40E4-9F86-FC2CB5083305}"
EndProject
Global
	GlobalSection(SolutionConfigurationPlatforms) = preSolution
		Debug|Win32 = Debug|Win32
		Release|Win32 = Release|Win32
	EndGlobalSection
	GlobalSection(ProjectConfigurationPlatforms) = postSolution
		{78F3850F-DB5E-447B-A13A-C7EC43AEE3D3}.Debug|Win32.ActiveCfg = Debug|Win32
		{78F3850F-DB5E-447B-A13A-C7EC43AEE3D3}.Debug|Win32.Build.0 = Debug|Win32
		{78F3850F-DB5E-447B-A13A-C7EC43AEE3D3}.Release|Win32.ActiveCfg = Release|Win32
		{78F3850F-DB5E-447B-A13A-C7EC43AEE3D3}.Release|Win32.Build.0 = Release|Win32
	EndGlobalSection
	GlobalSection(SolutionProperties) = preSolution
		HideSolutionNode = FALSE
	EndGlobalSection
EndGlobal
