
Microsoft Visual Studio Solution File, Format Version 12.00
# Visual Studio 2012
Project("{8BC9CEB8-8B4A-11D0-8D11-00A0C91BC942}") = "variableDataTypes", "variableDataTypes\variableDataTypes.vcxproj", "{D6AFA5CE-A087-4F72-A886-F539339C66B1}"
EndProject
Global
	GlobalSection(SolutionConfigurationPlatforms) = preSolution
		Debug|Win32 = Debug|Win32
		Release|Win32 = Release|Win32
	EndGlobalSection
	GlobalSection(ProjectConfigurationPlatforms) = postSolution
		{D6AFA5CE-A087-4F72-A886-F539339C66B1}.Debug|Win32.ActiveCfg = Debug|Win32
		{D6AFA5CE-A087-4F72-A886-F539339C66B1}.Debug|Win32.Build.0 = Debug|Win32
		{D6AFA5CE-A087-4F72-A886-F539339C66B1}.Release|Win32.ActiveCfg = Release|Win32
		{D6AFA5CE-A087-4F72-A886-F539339C66B1}.Release|Win32.Build.0 = Release|Win32
	EndGlobalSection
	GlobalSection(SolutionProperties) = preSolution
		HideSolutionNode = FALSE
	EndGlobalSection
EndGlobal
