
Microsoft Visual Studio Solution File, Format Version 12.00
# Visual Studio 2012
Project("{8BC9CEB8-8B4A-11D0-8D11-00A0C91BC942}") = "assignment11ForLoops", "assignment11ForLoops\assignment11ForLoops.vcxproj", "{E93B3E16-7276-4E49-9A20-3A26692FFC9B}"
EndProject
Global
	GlobalSection(SolutionConfigurationPlatforms) = preSolution
		Debug|Win32 = Debug|Win32
		Release|Win32 = Release|Win32
	EndGlobalSection
	GlobalSection(ProjectConfigurationPlatforms) = postSolution
		{E93B3E16-7276-4E49-9A20-3A26692FFC9B}.Debug|Win32.ActiveCfg = Debug|Win32
		{E93B3E16-7276-4E49-9A20-3A26692FFC9B}.Debug|Win32.Build.0 = Debug|Win32
		{E93B3E16-7276-4E49-9A20-3A26692FFC9B}.Release|Win32.ActiveCfg = Release|Win32
		{E93B3E16-7276-4E49-9A20-3A26692FFC9B}.Release|Win32.Build.0 = Release|Win32
	EndGlobalSection
	GlobalSection(SolutionProperties) = preSolution
		HideSolutionNode = FALSE
	EndGlobalSection
EndGlobal
